
Microsoft Visual Studio Solution File, Format Version 12.00
# Visual Studio Version 16
VisualStudioVersion = 16.0.31424.327
MinimumVisualStudioVersion = 10.0.40219.1
Project("{FAE04EC0-301F-11D3-BF4B-00C04F79EFBC}") = "Lesson_10_09_21", "Lesson_10_09_21.csproj", "{D27C8718-53EA-4C55-A3B7-6B2EE12E100A}"
EndProject
Project("{FAE04EC0-301F-11D3-BF4B-00C04F79EFBC}") = "Lesson_10_09_21_Reciever", "..\Lesson_10_09_21_Reciever\Lesson_10_09_21_Reciever.csproj", "{4F7E9D92-65BA-423C-BE5A-414D54E49C04}"
EndProject
Project("{FAE04EC0-301F-11D3-BF4B-00C04F79EFBC}") = "Lesson_10_09_21_lib", "..\Lesson_10_09_21_lib\Lesson_10_09_21_lib.csproj", "{868C8B7A-D279-4FC0-9DE6-AF0C902AB96C}"
EndProject
Global
	GlobalSection(SolutionConfigurationPlatforms) = preSolution
		Debug|Any CPU = Debug|Any CPU
		Release|Any CPU = Release|Any CPU
	EndGlobalSection
	GlobalSection(ProjectConfigurationPlatforms) = postSolution
		{D27C8718-53EA-4C55-A3B7-6B2EE12E100A}.Debug|Any CPU.ActiveCfg = Debug|Any CPU
		{D27C8718-53EA-4C55-A3B7-6B2EE12E100A}.Debug|Any CPU.Build.0 = Debug|Any CPU
		{D27C8718-53EA-4C55-A3B7-6B2EE12E100A}.Release|Any CPU.ActiveCfg = Release|Any CPU
		{D27C8718-53EA-4C55-A3B7-6B2EE12E100A}.Release|Any CPU.Build.0 = Release|Any CPU
		{4F7E9D92-65BA-423C-BE5A-414D54E49C04}.Debug|Any CPU.ActiveCfg = Debug|Any CPU
		{4F7E9D92-65BA-423C-BE5A-414D54E49C04}.Debug|Any CPU.Build.0 = Debug|Any CPU
		{4F7E9D92-65BA-423C-BE5A-414D54E49C04}.Release|Any CPU.ActiveCfg = Release|Any CPU
		{4F7E9D92-65BA-423C-BE5A-414D54E49C04}.Release|Any CPU.Build.0 = Release|Any CPU
		{868C8B7A-D279-4FC0-9DE6-AF0C902AB96C}.Debug|Any CPU.ActiveCfg = Debug|Any CPU
		{868C8B7A-D279-4FC0-9DE6-AF0C902AB96C}.Debug|Any CPU.Build.0 = Debug|Any CPU
		{868C8B7A-D279-4FC0-9DE6-AF0C902AB96C}.Release|Any CPU.ActiveCfg = Release|Any CPU
		{868C8B7A-D279-4FC0-9DE6-AF0C902AB96C}.Release|Any CPU.Build.0 = Release|Any CPU
	EndGlobalSection
	GlobalSection(SolutionProperties) = preSolution
		HideSolutionNode = FALSE
	EndGlobalSection
	GlobalSection(ExtensibilityGlobals) = postSolution
		SolutionGuid = {C043AE17-5CED-4176-B527-05A59E656527}
	EndGlobalSection
EndGlobal
