
Microsoft Visual Studio Solution File, Format Version 12.00
# Visual Studio Version 16
VisualStudioVersion = 16.0.31424.327
MinimumVisualStudioVersion = 10.0.40219.1
Project("{FAE04EC0-301F-11D3-BF4B-00C04F79EFBC}") = "Lesson_05_08_21", "Lesson_05_08_21.csproj", "{CF6D256A-DA06-475C-B2D9-D0DEFE6CA072}"
EndProject
Global
	GlobalSection(SolutionConfigurationPlatforms) = preSolution
		Debug|Any CPU = Debug|Any CPU
		Release|Any CPU = Release|Any CPU
	EndGlobalSection
	GlobalSection(ProjectConfigurationPlatforms) = postSolution
		{CF6D256A-DA06-475C-B2D9-D0DEFE6CA072}.Debug|Any CPU.ActiveCfg = Debug|Any CPU
		{CF6D256A-DA06-475C-B2D9-D0DEFE6CA072}.Debug|Any CPU.Build.0 = Debug|Any CPU
		{CF6D256A-DA06-475C-B2D9-D0DEFE6CA072}.Release|Any CPU.ActiveCfg = Release|Any CPU
		{CF6D256A-DA06-475C-B2D9-D0DEFE6CA072}.Release|Any CPU.Build.0 = Release|Any CPU
	EndGlobalSection
	GlobalSection(SolutionProperties) = preSolution
		HideSolutionNode = FALSE
	EndGlobalSection
	GlobalSection(ExtensibilityGlobals) = postSolution
		SolutionGuid = {90171393-8EDB-4FAB-93CB-91A7E647C7BB}
	EndGlobalSection
EndGlobal
